PODS:
  - dynamic_color (0.0.2):
    - FlutterMacOS
  - flutter_inappwebview (0.0.1):
    - FlutterMacOS
    - OrderedSet (~> 5.0)
  - FlutterMacOS (1.0.0)
  - FMDB (2.7.5):
    - FMDB/standard (= 2.7.5)
  - FMDB/standard (2.7.5)
  - isar_flutter_libs (1.0.0):
    - FlutterMacOS
  - OrderedSet (5.0.0)
  - path_provider_foundation (0.0.1):
    - Flutter
    - FlutterMacOS
  - shared_preferences_foundation (0.0.1):
    - Flutter
    - FlutterMacOS
  - sqflite (0.0.2):
    - FlutterMacOS
    - FMDB (>= 2.7.5)

DEPENDENCIES:
  - dynamic_color (from `Flutter/ephemeral/.symlinks/plugins/dynamic_color/macos`)
  - flutter_inappwebview (from `Flutter/ephemeral/.symlinks/plugins/flutter_inappwebview/macos`)
  - FlutterMacOS (from `Flutter/ephemeral`)
  - isar_flutter_libs (from `Flutter/ephemeral/.symlinks/plugins/isar_flutter_libs/macos`)
  - path_provider_foundation (from `Flutter/ephemeral/.symlinks/plugins/path_provider_foundation/darwin`)
  - shared_preferences_foundation (from `Flutter/ephemeral/.symlinks/plugins/shared_preferences_foundation/darwin`)
  - sqflite (from `Flutter/ephemeral/.symlinks/plugins/sqflite/macos`)

SPEC REPOS:
  trunk:
    - FMDB
    - OrderedSet

EXTERNAL SOURCES:
  dynamic_color:
    :path: Flutter/ephemeral/.symlinks/plugins/dynamic_color/macos
  flutter_inappwebview:
    :path: Flutter/ephemeral/.symlinks/plugins/flutter_inappwebview/macos
  FlutterMacOS:
    :path: Flutter/ephemeral
  isar_flutter_libs:
    :path: Flutter/ephemeral/.symlinks/plugins/isar_flutter_libs/macos
  path_provider_foundation:
    :path: Flutter/ephemeral/.symlinks/plugins/path_provider_foundation/darwin
  shared_preferences_foundation:
    :path: Flutter/ephemeral/.symlinks/plugins/shared_preferences_foundation/darwin
  sqflite:
    :path: Flutter/ephemeral/.symlinks/plugins/sqflite/macos

SPEC CHECKSUMS:
  dynamic_color: 2eaa27267de1ca20d879fbd6e01259773fb1670f
  flutter_inappwebview: 62e949df616a9f6e1b0366326381f208c7fcad37
  FlutterMacOS: 8f6f14fa908a6fb3fba0cd85dbd81ec4b251fb24
  FMDB: 2ce00b547f966261cd18927a3ddb07cb6f3db82a
  isar_flutter_libs: 43385c99864c168fadba7c9adeddc5d38838ca6a
  OrderedSet: aaeb196f7fef5a9edf55d89760da9176ad40b93c
  path_provider_foundation: 37748e03f12783f9de2cb2c4eadfaa25fe6d4852
  shared_preferences_foundation: 297b3ebca31b34ec92be11acd7fb0ba932c822ca
  sqflite: a5789cceda41d54d23f31d6de539d65bb14100ea

PODFILE CHECKSUM: 353c8bcc5d5b0994e508d035b5431cfe18c1dea7

COCOAPODS: 1.11.3
